// !$*UTF8*$!
{
	archiveVersion = 1;
	classes = {
	};
	objectVersion = 50;
	objects = {

/* Begin PBXBuildFile section */
		473600FF216BB15900C012D2 /* AppDelegate.swift in Sources */ = {isa = PBXBuildFile; fileRef = 473600FE216BB15900C012D2 /* AppDelegate.swift */; };
		47360101216BB15900C012D2 /* PostsVC.swift in Sources */ = {isa = PBXBuildFile; fileRef = 47360100216BB15900C012D2 /* PostsVC.swift */; };
		47360104216BB15900C012D2 /* Posts.storyboard in Resources */ = {isa = PBXBuildFile; fileRef = 47360102216BB15900C012D2 /* Posts.storyboard */; };
		47360106216BB15B00C012D2 /* Assets.xcassets in Resources */ = {isa = PBXBuildFile; fileRef = 47360105216BB15B00C012D2 /* Assets.xcassets */; };
		47360109216BB15B00C012D2 /* LaunchScreen.storyboard in Resources */ = {isa = PBXBuildFile; fileRef = 47360107216BB15B00C012D2 /* LaunchScreen.storyboard */; };
		4736011A216BB59E00C012D2 /* PostCell.swift in Sources */ = {isa = PBXBuildFile; fileRef = 47360119216BB59E00C012D2 /* PostCell.swift */; };
		4736011C216BB6B200C012D2 /* Post.swift in Sources */ = {isa = PBXBuildFile; fileRef = 4736011B216BB6B200C012D2 /* Post.swift */; };
		4736011E216BBBD000C012D2 /* NetworkingService.swift in Sources */ = {isa = PBXBuildFile; fileRef = 4736011D216BBBD000C012D2 /* NetworkingService.swift */; };
		47360120216BBD7200C012D2 /* PostNetworking.swift in Sources */ = {isa = PBXBuildFile; fileRef = 4736011F216BBD7200C012D2 /* PostNetworking.swift */; };
		47360123216BBE8700C012D2 /* GetPostsResponse.swift in Sources */ = {isa = PBXBuildFile; fileRef = 47360122216BBE8700C012D2 /* GetPostsResponse.swift */; };
		47360125216BBF1100C012D2 /* NetworkingError.swift in Sources */ = {isa = PBXBuildFile; fileRef = 47360124216BBF1100C012D2 /* NetworkingError.swift */; };
/* End PBXBuildFile section */

/* Begin PBXFileReference section */
		473600FB216BB15900C012D2 /* MVCtry.app */ = {isa = PBXFileReference; explicitFileType = wrapper.application; includeInIndex = 0; path = MVCtry.app; sourceTree = BUILT_PRODUCTS_DIR; };
		473600FE216BB15900C012D2 /* AppDelegate.swift */ = {isa = PBXFileReference; lastKnownFileType = sourcecode.swift; path = AppDelegate.swift; sourceTree = "<group>"; };
		47360100216BB15900C012D2 /* PostsVC.swift */ = {isa = PBXFileReference; lastKnownFileType = sourcecode.swift; path = PostsVC.swift; sourceTree = "<group>"; };
		47360103216BB15900C012D2 /* Base */ = {isa = PBXFileReference; lastKnownFileType = file.storyboard; name = Base; path = Base.lproj/Posts.storyboard; sourceTree = "<group>"; };
		47360105216BB15B00C012D2 /* Assets.xcassets */ = {isa = PBXFileReference; lastKnownFileType = folder.assetcatalog; path = Assets.xcassets; sourceTree = "<group>"; };
		47360108216BB15B00C012D2 /* Base */ = {isa = PBXFileReference; lastKnownFileType = file.storyboard; name = Base; path = Base.lproj/LaunchScreen.storyboard; sourceTree = "<group>"; };
		4736010A216BB15B00C012D2 /* Info.plist */ = {isa = PBXFileReference; lastKnownFileType = text.plist.xml; path = Info.plist; sourceTree = "<group>"; };
		47360119216BB59E00C012D2 /* PostCell.swift */ = {isa = PBXFileReference; lastKnownFileType = sourcecode.swift; path = PostCell.swift; sourceTree = "<group>"; };
		4736011B216BB6B200C012D2 /* Post.swift */ = {isa = PBXFileReference; lastKnownFileType = sourcecode.swift; path = Post.swift; sourceTree = "<group>"; };
		4736011D216BBBD000C012D2 /* NetworkingService.swift */ = {isa = PBXFileReference; lastKnownFileType = sourcecode.swift; path = NetworkingService.swift; sourceTree = "<group>"; };
		4736011F216BBD7200C012D2 /* PostNetworking.swift */ = {isa = PBXFileReference; lastKnownFileType = sourcecode.swift; path = PostNetworking.swift; sourceTree = "<group>"; };
		47360122216BBE8700C012D2 /* GetPostsResponse.swift */ = {isa = PBXFileReference; lastKnownFileType = sourcecode.swift; path = GetPostsResponse.swift; sourceTree = "<group>"; };
		47360124216BBF1100C012D2 /* NetworkingError.swift */ = {isa = PBXFileReference; lastKnownFileType = sourcecode.swift; path = NetworkingError.swift; sourceTree = "<group>"; };
/* End PBXFileReference section */

/* Begin PBXFrameworksBuildPhase section */
		473600F8216BB15900C012D2 /* Frameworks */ = {
			isa = PBXFrameworksBuildPhase;
			buildActionMask = 2147483647;
			files = (
			);
			runOnlyForDeploymentPostprocessing = 0;
		};
/* End PBXFrameworksBuildPhase section */

/* Begin PBXGroup section */
		473600F2216BB15900C012D2 = {
			isa = PBXGroup;
			children = (
				473600FD216BB15900C012D2 /* MVCtry */,
				473600FC216BB15900C012D2 /* Products */,
			);
			sourceTree = "<group>";
		};
		473600FC216BB15900C012D2 /* Products */ = {
			isa = PBXGroup;
			children = (
				473600FB216BB15900C012D2 /* MVCtry.app */,
			);
			name = Products;
			sourceTree = "<group>";
		};
		473600FD216BB15900C012D2 /* MVCtry */ = {
			isa = PBXGroup;
			children = (
				4736010A216BB15B00C012D2 /* Info.plist */,
				47360110216BB1BA00C012D2 /* Global */,
				47360111216BB1C500C012D2 /* Posts */,
			);
			path = MVCtry;
			sourceTree = "<group>";
		};
		47360110216BB1BA00C012D2 /* Global */ = {
			isa = PBXGroup;
			children = (
				47360126216BC73E00C012D2 /* Model */,
				47360117216BB24800C012D2 /* View */,
				47360118216BB28100C012D2 /* Controller */,
				47360116216BB20600C012D2 /* Service */,
			);
			path = Global;
			sourceTree = "<group>";
		};
		47360111216BB1C500C012D2 /* Posts */ = {
			isa = PBXGroup;
			children = (
				47360112216BB1CF00C012D2 /* Model */,
				47360114216BB1E000C012D2 /* View */,
				47360115216BB1E500C012D2 /* Controller */,
				47360113216BB1D400C012D2 /* Service */,
			);
			path = Posts;
			sourceTree = "<group>";
		};
		47360112216BB1CF00C012D2 /* Model */ = {
			isa = PBXGroup;
			children = (
				47360121216BBE7100C012D2 /* Responses */,
				4736011B216BB6B200C012D2 /* Post.swift */,
			);
			path = Model;
			sourceTree = "<group>";
		};
		47360113216BB1D400C012D2 /* Service */ = {
			isa = PBXGroup;
			children = (
				4736011F216BBD7200C012D2 /* PostNetworking.swift */,
			);
			path = Service;
			sourceTree = "<group>";
		};
		47360114216BB1E000C012D2 /* View */ = {
			isa = PBXGroup;
			children = (
				47360102216BB15900C012D2 /* Posts.storyboard */,
				47360119216BB59E00C012D2 /* PostCell.swift */,
			);
			path = View;
			sourceTree = "<group>";
		};
		47360115216BB1E500C012D2 /* Controller */ = {
			isa = PBXGroup;
			children = (
				47360100216BB15900C012D2 /* PostsVC.swift */,
			);
			path = Controller;
			sourceTree = "<group>";
		};
		47360116216BB20600C012D2 /* Service */ = {
			isa = PBXGroup;
			children = (
				4736011D216BBBD000C012D2 /* NetworkingService.swift */,
			);
			path = Service;
			sourceTree = "<group>";
		};
		47360117216BB24800C012D2 /* View */ = {
			isa = PBXGroup;
			children = (
				47360105216BB15B00C012D2 /* Assets.xcassets */,
				47360107216BB15B00C012D2 /* LaunchScreen.storyboard */,
			);
			path = View;
			sourceTree = "<group>";
		};
		47360118216BB28100C012D2 /* Controller */ = {
			isa = PBXGroup;
			children = (
				473600FE216BB15900C012D2 /* AppDelegate.swift */,
			);
			path = Controller;
			sourceTree = "<group>";
		};
		47360121216BBE7100C012D2 /* Responses */ = {
			isa = PBXGroup;
			children = (
				47360122216BBE8700C012D2 /* GetPostsResponse.swift */,
			);
			path = Responses;
			sourceTree = "<group>";
		};
		47360126216BC73E00C012D2 /* Model */ = {
			isa = PBXGroup;
			children = (
				47360124216BBF1100C012D2 /* NetworkingError.swift */,
			);
			path = Model;
			sourceTree = "<group>";
		};
/* End PBXGroup section */

/* Begin PBXNativeTarget section */
		473600FA216BB15900C012D2 /* MVCtry */ = {
			isa = PBXNativeTarget;
			buildConfigurationList = 4736010D216BB15B00C012D2 /* Build configuration list for PBXNativeTarget "MVCtry" */;
			buildPhases = (
				473600F7216BB15900C012D2 /* Sources */,
				473600F8216BB15900C012D2 /* Frameworks */,
				473600F9216BB15900C012D2 /* Resources */,
			);
			buildRules = (
			);
			dependencies = (
			);
			name = MVCtry;
			productName = MVCtry;
			productReference = 473600FB216BB15900C012D2 /* MVCtry.app */;
			productType = "com.apple.product-type.application";
		};
/* End PBXNativeTarget section */

/* Begin PBXProject section */
		473600F3216BB15900C012D2 /* Project object */ = {
			isa = PBXProject;
			attributes = {
				LastSwiftUpdateCheck = 1000;
				LastUpgradeCheck = 1000;
				ORGANIZATIONNAME = "Harinarayanan Janardhanan";
				TargetAttributes = {
					473600FA216BB15900C012D2 = {
						CreatedOnToolsVersion = 10.0;
					};
				};
			};
			buildConfigurationList = 473600F6216BB15900C012D2 /* Build configuration list for PBXProject "MVCtry" */;
			compatibilityVersion = "Xcode 9.3";
			developmentRegion = en;
			hasScannedForEncodings = 0;
			knownRegions = (
				en,
				Base,
			);
			mainGroup = 473600F2216BB15900C012D2;
			productRefGroup = 473600FC216BB15900C012D2 /* Products */;
			projectDirPath = "";
			projectRoot = "";
			targets = (
				473600FA216BB15900C012D2 /* MVCtry */,
			);
		};
/* End PBXProject section */

/* Begin PBXResourcesBuildPhase section */
		473600F9216BB15900C012D2 /* Resources */ = {
			isa = PBXResourcesBuildPhase;
			buildActionMask = 2147483647;
			files = (
				47360109216BB15B00C012D2 /* LaunchScreen.storyboard in Resources */,
				47360106216BB15B00C012D2 /* Assets.xcassets in Resources */,
				47360104216BB15900C012D2 /* Posts.storyboard in Resources */,
			);
			runOnlyForDeploymentPostprocessing = 0;
		};
/* End PBXResourcesBuildPhase section */

/* Begin PBXSourcesBuildPhase section */
		473600F7216BB15900C012D2 /* Sources */ = {
			isa = PBXSourcesBuildPhase;
			buildActionMask = 2147483647;
			files = (
				4736011E216BBBD000C012D2 /* NetworkingService.swift in Sources */,
				47360101216BB15900C012D2 /* PostsVC.swift in Sources */,
				47360125216BBF1100C012D2 /* NetworkingError.swift in Sources */,
				47360123216BBE8700C012D2 /* GetPostsResponse.swift in Sources */,
				473600FF216BB15900C012D2 /* AppDelegate.swift in Sources */,
				47360120216BBD7200C012D2 /* PostNetworking.swift in Sources */,
				4736011A216BB59E00C012D2 /* PostCell.swift in Sources */,
				4736011C216BB6B200C012D2 /* Post.swift in Sources */,
			);
			runOnlyForDeploymentPostprocessing = 0;
		};
/* End PBXSourcesBuildPhase section */

/* Begin PBXVariantGroup section */
		47360102216BB15900C012D2 /* Posts.storyboard */ = {
			isa = PBXVariantGroup;
			children = (
				47360103216BB15900C012D2 /* Base */,
			);
			name = Posts.storyboard;
			sourceTree = "<group>";
		};
		47360107216BB15B00C012D2 /* LaunchScreen.storyboard */ = {
			isa = PBXVariantGroup;
			children = (
				47360108216BB15B00C012D2 /* Base */,
			);
			name = LaunchScreen.storyboard;
			sourceTree = "<group>";
		};
/* End PBXVariantGroup section */

/* Begin XCBuildConfiguration section */
		4736010B216BB15B00C012D2 /* Debug */ = {
			isa = XCBuildConfiguration;
			buildSettings = {
				ALWAYS_SEARCH_USER_PATHS = NO;
				CLANG_ANALYZER_NONNULL = YES;
				CLANG_ANALYZER_NUMBER_OBJECT_CONVERSION = YES_AGGRESSIVE;
				CLANG_CXX_LANGUAGE_STANDARD = "gnu++14";
				CLANG_CXX_LIBRARY = "libc++";
				CLANG_ENABLE_MODULES = YES;
				CLANG_ENABLE_OBJC_ARC = YES;
				CLANG_ENABLE_OBJC_WEAK = YES;
				CLANG_WARN_BLOCK_CAPTURE_AUTORELEASING = YES;
				CLANG_WARN_BOOL_CONVERSION = YES;
				CLANG_WARN_COMMA = YES;
				CLANG_WARN_CONSTANT_CONVERSION = YES;
				CLANG_WARN_DEPRECATED_OBJC_IMPLEMENTATIONS = YES;
				CLANG_WARN_DIRECT_OBJC_ISA_USAGE = YES_ERROR;
				CLANG_WARN_DOCUMENTATION_COMMENTS = YES;
				CLANG_WARN_EMPTY_BODY = YES;
				CLANG_WARN_ENUM_CONVERSION = YES;
				CLANG_WARN_INFINITE_RECURSION = YES;
				CLANG_WARN_INT_CONVERSION = YES;
				CLANG_WARN_NON_LITERAL_NULL_CONVERSION = YES;
				CLANG_WARN_OBJC_IMPLICIT_RETAIN_SELF = YES;
				CLANG_WARN_OBJC_LITERAL_CONVERSION = YES;
				CLANG_WARN_OBJC_ROOT_CLASS = YES_ERROR;
				CLANG_WARN_RANGE_LOOP_ANALYSIS = YES;
				CLANG_WARN_STRICT_PROTOTYPES = YES;
				CLANG_WARN_SUSPICIOUS_MOVE = YES;
				CLANG_WARN_UNGUARDED_AVAILABILITY = YES_AGGRESSIVE;
				CLANG_WARN_UNREACHABLE_CODE = YES;
				CLANG_WARN__DUPLICATE_METHOD_MATCH = YES;
				CODE_SIGN_IDENTITY = "iPhone Developer";
				COPY_PHASE_STRIP = NO;
				DEBUG_INFORMATION_FORMAT = dwarf;
				ENABLE_STRICT_OBJC_MSGSEND = YES;
				ENABLE_TESTABILITY = YES;
				GCC_C_LANGUAGE_STANDARD = gnu11;
				GCC_DYNAMIC_NO_PIC = NO;
				GCC_NO_COMMON_BLOCKS = YES;
				GCC_OPTIMIZATION_LEVEL = 0;
				GCC_PREPROCESSOR_DEFINITIONS = (
					"DEBUG=1",
					"$(inherited)",
				);
				GCC_WARN_64_TO_32_BIT_CONVERSION = YES;
				GCC_WARN_ABOUT_RETURN_TYPE = YES_ERROR;
				GCC_WARN_UNDECLARED_SELECTOR = YES;
				GCC_WARN_UNINITIALIZED_AUTOS = YES_AGGRESSIVE;
				GCC_WARN_UNUSED_FUNCTION = YES;
				GCC_WARN_UNUSED_VARIABLE = YES;
				IPHONEOS_DEPLOYMENT_TARGET = 12.0;
				MTL_ENABLE_DEBUG_INFO = INCLUDE_SOURCE;
				MTL_FAST_MATH = YES;
				ONLY_ACTIVE_ARCH = YES;
				SDKROOT = iphoneos;
				SWIFT_ACTIVE_COMPILATION_CONDITIONS = DEBUG;
				SWIFT_OPTIMIZATION_LEVEL = "-Onone";
			};
			name = Debug;
		};
		4736010C216BB15B00C012D2 /* Release */ = {
			isa = XCBuildConfiguration;
			buildSettings = {
				ALWAYS_SEARCH_USER_PATHS = NO;
				CLANG_ANALYZER_NONNULL = YES;
				CLANG_ANALYZER_NUMBER_OBJECT_CONVERSION = YES_AGGRESSIVE;
				CLANG_CXX_LANGUAGE_STANDARD = "gnu++14";
				CLANG_CXX_LIBRARY = "libc++";
				CLANG_ENABLE_MODULES = YES;
				CLANG_ENABLE_OBJC_ARC = YES;
				CLANG_ENABLE_OBJC_WEAK = YES;
				CLANG_WARN_BLOCK_CAPTURE_AUTORELEASING = YES;
				CLANG_WARN_BOOL_CONVERSION = YES;
				CLANG_WARN_COMMA = YES;
				CLANG_WARN_CONSTANT_CONVERSION = YES;
				CLANG_WARN_DEPRECATED_OBJC_IMPLEMENTATIONS = YES;
				CLANG_WARN_DIRECT_OBJC_ISA_USAGE = YES_ERROR;
				CLANG_WARN_DOCUMENTATION_COMMENTS = YES;
				CLANG_WARN_EMPTY_BODY = YES;
				CLANG_WARN_ENUM_CONVERSION = YES;
				CLANG_WARN_INFINITE_RECURSION = YES;
				CLANG_WARN_INT_CONVERSION = YES;
				CLANG_WARN_NON_LITERAL_NULL_CONVERSION = YES;
				CLANG_WARN_OBJC_IMPLICIT_RETAIN_SELF = YES;
				CLANG_WARN_OBJC_LITERAL_CONVERSION = YES;
				CLANG_WARN_OBJC_ROOT_CLASS = YES_ERROR;
				CLANG_WARN_RANGE_LOOP_ANALYSIS = YES;
				CLANG_WARN_STRICT_PROTOTYPES = YES;
				CLANG_WARN_SUSPICIOUS_MOVE = YES;
				CLANG_WARN_UNGUARDED_AVAILABILITY = YES_AGGRESSIVE;
				CLANG_WARN_UNREACHABLE_CODE = YES;
				CLANG_WARN__DUPLICATE_METHOD_MATCH = YES;
				CODE_SIGN_IDENTITY = "iPhone Developer";
				COPY_PHASE_STRIP = NO;
				DEBUG_INFORMATION_FORMAT = "dwarf-with-dsym";
				ENABLE_NS_ASSERTIONS = NO;
				ENABLE_STRICT_OBJC_MSGSEND = YES;
				GCC_C_LANGUAGE_STANDARD = gnu11;
				GCC_NO_COMMON_BLOCKS = YES;
				GCC_WARN_64_TO_32_BIT_CONVERSION = YES;
				GCC_WARN_ABOUT_RETURN_TYPE = YES_ERROR;
				GCC_WARN_UNDECLARED_SELECTOR = YES;
				GCC_WARN_UNINITIALIZED_AUTOS = YES_AGGRESSIVE;
				GCC_WARN_UNUSED_FUNCTION = YES;
				GCC_WARN_UNUSED_VARIABLE = YES;
				IPHONEOS_DEPLOYMENT_TARGET = 12.0;
				MTL_ENABLE_DEBUG_INFO = NO;
				MTL_FAST_MATH = YES;
				SDKROOT = iphoneos;
				SWIFT_COMPILATION_MODE = wholemodule;
				SWIFT_OPTIMIZATION_LEVEL = "-O";
				VALIDATE_PRODUCT = YES;
			};
			name = Release;
		};
		4736010E216BB15B00C012D2 /* Debug */ = {
			isa = XCBuildConfiguration;
			buildSettings = {
				ASSETCATALOG_COMPILER_APPICON_NAME = AppIcon;
				CODE_SIGN_STYLE = Automatic;
				DEVELOPMENT_TEAM = DSUMKGUYXC;
				INFOPLIST_FILE = MVCtry/Info.plist;
				LD_RUNPATH_SEARCH_PATHS = (
					"$(inherited)",
					"@executable_path/Frameworks",
				);
				PRODUCT_BUNDLE_IDENTIFIER = com.vit.sample.MVCtry;
				PRODUCT_NAME = "$(TARGET_NAME)";
				SWIFT_VERSION = 4.2;
				TARGETED_DEVICE_FAMILY = "1,2";
			};
			name = Debug;
		};
		4736010F216BB15B00C012D2 /* Release */ = {
			isa = XCBuildConfiguration;
			buildSettings = {
				ASSETCATALOG_COMPILER_APPICON_NAME = AppIcon;
				CODE_SIGN_STYLE = Automatic;
				DEVELOPMENT_TEAM = DSUMKGUYXC;
				INFOPLIST_FILE = MVCtry/Info.plist;
				LD_RUNPATH_SEARCH_PATHS = (
					"$(inherited)",
					"@executable_path/Frameworks",
				);
				PRODUCT_BUNDLE_IDENTIFIER = com.vit.sample.MVCtry;
				PRODUCT_NAME = "$(TARGET_NAME)";
				SWIFT_VERSION = 4.2;
				TARGETED_DEVICE_FAMILY = "1,2";
			};
			name = Release;
		};
/* End XCBuildConfiguration section */

/* Begin XCConfigurationList section */
		473600F6216BB15900C012D2 /* Build configuration list for PBXProject "MVCtry" */ = {
			isa = XCConfigurationList;
			buildConfigurations = (
				4736010B216BB15B00C012D2 /* Debug */,
				4736010C216BB15B00C012D2 /* Release */,
			);
			defaultConfigurationIsVisible = 0;
			defaultConfigurationName = Release;
		};
		4736010D216BB15B00C012D2 /* Build configuration list for PBXNativeTarget "MVCtry" */ = {
			isa = XCConfigurationList;
			buildConfigurations = (
				4736010E216BB15B00C012D2 /* Debug */,
				4736010F216BB15B00C012D2 /* Release */,
			);
			defaultConfigurationIsVisible = 0;
			defaultConfigurationName = Release;
		};
/* End XCConfigurationList section */
	};
	rootObject = 473600F3216BB15900C012D2 /* Project object */;
}
